
Microsoft Visual Studio Solution File, Format Version 12.00
# Visual Studio 15
VisualStudioVersion = 15.0.27428.2005
MinimumVisualStudioVersion = 10.0.40219.1
Project("{9A19103F-16F7-4668-BE54-9A1E7A4F7556}") = "KubeCalc.Interface", "src\KubeCalc.Orleans\KubeCalc.Interface\KubeCalc.Interface.csproj", "{053C350E-265F-4314-8F52-430AC1DB0B73}"
EndProject
Project("{9A19103F-16F7-4668-BE54-9A1E7A4F7556}") = "KubeCalc.Grains", "src\KubeCalc.Orleans\KubeCalc.Grains\KubeCalc.Grains.csproj", "{67DFAB0A-02E3-4D6A-B107-9BAEE34EBFDA}"
EndProject
Project("{2150E333-8FDC-42A3-9474-1A3956D46DE8}") = "Orleans", "Orleans", "{12295E5B-EAA7-4A5A-9085-5765547A2591}"
EndProject
Project("{FAE04EC0-301F-11D3-BF4B-00C04F79EFBC}") = "KubeCalc.Silo", "src\KubeCalc.Orleans\KubeCalc.Silo\KubeCalc.Silo.csproj", "{FFE6E084-815F-48F1-B770-DD0B50E727EE}"
EndProject
Project("{2150E333-8FDC-42A3-9474-1A3956D46DE8}") = "Web", "Web", "{F13FBFE7-0F00-48E2-B3C4-CEA6D43857A0}"
EndProject
Project("{FAE04EC0-301F-11D3-BF4B-00C04F79EFBC}") = "KubeCalcWeb", "src\Web\KubeCalcWeb\KubeCalcWeb.csproj", "{04F8870D-2871-416C-8C15-5EAE601A8F5F}"
EndProject
Global
	GlobalSection(SolutionConfigurationPlatforms) = preSolution
		Debug|Any CPU = Debug|Any CPU
		Release|Any CPU = Release|Any CPU
	EndGlobalSection
	GlobalSection(ProjectConfigurationPlatforms) = postSolution
		{053C350E-265F-4314-8F52-430AC1DB0B73}.Debug|Any CPU.ActiveCfg = Debug|Any CPU
		{053C350E-265F-4314-8F52-430AC1DB0B73}.Debug|Any CPU.Build.0 = Debug|Any CPU
		{053C350E-265F-4314-8F52-430AC1DB0B73}.Release|Any CPU.ActiveCfg = Release|Any CPU
		{053C350E-265F-4314-8F52-430AC1DB0B73}.Release|Any CPU.Build.0 = Release|Any CPU
		{67DFAB0A-02E3-4D6A-B107-9BAEE34EBFDA}.Debug|Any CPU.ActiveCfg = Debug|Any CPU
		{67DFAB0A-02E3-4D6A-B107-9BAEE34EBFDA}.Debug|Any CPU.Build.0 = Debug|Any CPU
		{67DFAB0A-02E3-4D6A-B107-9BAEE34EBFDA}.Release|Any CPU.ActiveCfg = Release|Any CPU
		{67DFAB0A-02E3-4D6A-B107-9BAEE34EBFDA}.Release|Any CPU.Build.0 = Release|Any CPU
		{FFE6E084-815F-48F1-B770-DD0B50E727EE}.Debug|Any CPU.ActiveCfg = Debug|Any CPU
		{FFE6E084-815F-48F1-B770-DD0B50E727EE}.Debug|Any CPU.Build.0 = Debug|Any CPU
		{FFE6E084-815F-48F1-B770-DD0B50E727EE}.Release|Any CPU.ActiveCfg = Release|Any CPU
		{FFE6E084-815F-48F1-B770-DD0B50E727EE}.Release|Any CPU.Build.0 = Release|Any CPU
		{04F8870D-2871-416C-8C15-5EAE601A8F5F}.Debug|Any CPU.ActiveCfg = Debug|Any CPU
		{04F8870D-2871-416C-8C15-5EAE601A8F5F}.Debug|Any CPU.Build.0 = Debug|Any CPU
		{04F8870D-2871-416C-8C15-5EAE601A8F5F}.Release|Any CPU.ActiveCfg = Release|Any CPU
		{04F8870D-2871-416C-8C15-5EAE601A8F5F}.Release|Any CPU.Build.0 = Release|Any CPU
	EndGlobalSection
	GlobalSection(SolutionProperties) = preSolution
		HideSolutionNode = FALSE
	EndGlobalSection
	GlobalSection(NestedProjects) = preSolution
		{053C350E-265F-4314-8F52-430AC1DB0B73} = {12295E5B-EAA7-4A5A-9085-5765547A2591}
		{67DFAB0A-02E3-4D6A-B107-9BAEE34EBFDA} = {12295E5B-EAA7-4A5A-9085-5765547A2591}
		{FFE6E084-815F-48F1-B770-DD0B50E727EE} = {12295E5B-EAA7-4A5A-9085-5765547A2591}
		{04F8870D-2871-416C-8C15-5EAE601A8F5F} = {F13FBFE7-0F00-48E2-B3C4-CEA6D43857A0}
	EndGlobalSection
	GlobalSection(ExtensibilityGlobals) = postSolution
		SolutionGuid = {5497B092-3156-4E23-B490-C79C20D5221C}
	EndGlobalSection
EndGlobal
